
Microsoft Visual Studio Solution File, Format Version 12.00
# Visual Studio Version 17
VisualStudioVersion = 17.7.34031.279
MinimumVisualStudioVersion = 10.0.40219.1
Project("{9A19103F-16F7-4668-BE54-9A1E7A4F7556}") = "Bonsai.ML", "Bonsai.ML\Bonsai.ML.csproj", "{E93576CA-18C0-44C7-B124-CC48FAF95F7A}"
EndProject
Project("{2150E333-8FDC-42A3-9474-1A3956D46DE8}") = "Solution Items", "Solution Items", "{3A91E7C1-2B70-46A9-8003-90C6E71B43BE}"
	ProjectSection(SolutionItems) = preProject
		Directory.Build.props = Directory.Build.props
	EndProjectSection
EndProject
Project("{FAE04EC0-301F-11D3-BF4B-00C04F79EFBC}") = "Bonsai.ML.LinearDynamicalSystems", "Bonsai.ML.LinearDynamicalSystems\Bonsai.ML.LinearDynamicalSystems.csproj", "{A8D3EA9C-0D26-4264-81AA-17EE9D854BDA}"
EndProject
Global
	GlobalSection(SolutionConfigurationPlatforms) = preSolution
		Debug|Any CPU = Debug|Any CPU
		Release|Any CPU = Release|Any CPU
	EndGlobalSection
	GlobalSection(ProjectConfigurationPlatforms) = postSolution
		{E93576CA-18C0-44C7-B124-CC48FAF95F7A}.Debug|Any CPU.ActiveCfg = Debug|Any CPU
		{E93576CA-18C0-44C7-B124-CC48FAF95F7A}.Debug|Any CPU.Build.0 = Debug|Any CPU
		{E93576CA-18C0-44C7-B124-CC48FAF95F7A}.Release|Any CPU.ActiveCfg = Release|Any CPU
		{E93576CA-18C0-44C7-B124-CC48FAF95F7A}.Release|Any CPU.Build.0 = Release|Any CPU
		{A8D3EA9C-0D26-4264-81AA-17EE9D854BDA}.Debug|Any CPU.ActiveCfg = Debug|Any CPU
		{A8D3EA9C-0D26-4264-81AA-17EE9D854BDA}.Debug|Any CPU.Build.0 = Debug|Any CPU
		{A8D3EA9C-0D26-4264-81AA-17EE9D854BDA}.Release|Any CPU.ActiveCfg = Release|Any CPU
		{A8D3EA9C-0D26-4264-81AA-17EE9D854BDA}.Release|Any CPU.Build.0 = Release|Any CPU
	EndGlobalSection
	GlobalSection(SolutionProperties) = preSolution
		HideSolutionNode = FALSE
	EndGlobalSection
	GlobalSection(ExtensibilityGlobals) = postSolution
		SolutionGuid = {633AC511-FC05-49A4-A6D5-24F35DC23D42}
	EndGlobalSection
EndGlobal
